
Microsoft Visual Studio Solution File, Format Version 12.00
# Visual Studio Version 16
VisualStudioVersion = 16.0.30330.147
MinimumVisualStudioVersion = 10.0.40219.1
Project("{9A19103F-16F7-4668-BE54-9A1E7A4F7556}") = "TheOracle", "TheOracle\TheOracle.csproj", "{218DEFA0-1EB2-4D88-880D-D1AFF486AA84}"
EndProject
Project("{9A19103F-16F7-4668-BE54-9A1E7A4F7556}") = "TheOracleTests", "TheOracleTests\TheOracleTests.csproj", "{B23D9BF2-AACA-4601-A187-1CC26D056EE5}"
EndProject
Project("{2150E333-8FDC-42A3-9474-1A3956D46DE8}") = "Solution Items", "Solution Items", "{840DEE8C-68E5-42D1-8838-6A2973BC2084}"
	ProjectSection(SolutionItems) = preProject
		.gitignore = .gitignore
		README.md = README.md
	EndProjectSection
EndProject
Global
	GlobalSection(SolutionConfigurationPlatforms) = preSolution
		Debug|Any CPU = Debug|Any CPU
		Release|Any CPU = Release|Any CPU
	EndGlobalSection
	GlobalSection(ProjectConfigurationPlatforms) = postSolution
		{218DEFA0-1EB2-4D88-880D-D1AFF486AA84}.Debug|Any CPU.ActiveCfg = Debug|Any CPU
		{218DEFA0-1EB2-4D88-880D-D1AFF486AA84}.Debug|Any CPU.Build.0 = Debug|Any CPU
		{218DEFA0-1EB2-4D88-880D-D1AFF486AA84}.Release|Any CPU.ActiveCfg = Release|Any CPU
		{218DEFA0-1EB2-4D88-880D-D1AFF486AA84}.Release|Any CPU.Build.0 = Release|Any CPU
		{B23D9BF2-AACA-4601-A187-1CC26D056EE5}.Debug|Any CPU.ActiveCfg = Debug|Any CPU
		{B23D9BF2-AACA-4601-A187-1CC26D056EE5}.Debug|Any CPU.Build.0 = Debug|Any CPU
		{B23D9BF2-AACA-4601-A187-1CC26D056EE5}.Release|Any CPU.ActiveCfg = Release|Any CPU
		{B23D9BF2-AACA-4601-A187-1CC26D056EE5}.Release|Any CPU.Build.0 = Release|Any CPU
	EndGlobalSection
	GlobalSection(SolutionProperties) = preSolution
		HideSolutionNode = FALSE
	EndGlobalSection
	GlobalSection(ExtensibilityGlobals) = postSolution
		SolutionGuid = {89E954E0-E2CB-4F68-A24A-227F57125FA8}
	EndGlobalSection
EndGlobal
